// !$*UTF8*$!
{
	archiveVersion = 1;
	classes = {
	};
	objectVersion = 45;
	objects = {

/* Begin PBXBuildFile section */
		1D3623260D0F684500981E51 /* RDRadikoPlayerAppDelegate.m in Sources */ = {isa = PBXBuildFile; fileRef = 1D3623250D0F684500981E51 /* RDRadikoPlayerAppDelegate.m */; };
		1D60589B0D05DD56006BFB54 /* main.m in Sources */ = {isa = PBXBuildFile; fileRef = 29B97316FDCFA39411CA2CEA /* main.m */; };
		1D60589F0D05DD5A006BFB54 /* Foundation.framework in Frameworks */ = {isa = PBXBuildFile; fileRef = 1D30AB110D05D00D00671497 /* Foundation.framework */; };
		1DF5F4E00D08C38300B7A737 /* UIKit.framework in Frameworks */ = {isa = PBXBuildFile; fileRef = 1DF5F4DF0D08C38300B7A737 /* UIKit.framework */; };
		288765A50DF7441C002DB57D /* CoreGraphics.framework in Frameworks */ = {isa = PBXBuildFile; fileRef = 288765A40DF7441C002DB57D /* CoreGraphics.framework */; };
		28D7ACF80DDB3853001CB0EB /* RDRadikoPlayerViewController.m in Sources */ = {isa = PBXBuildFile; fileRef = 28D7ACF70DDB3853001CB0EB /* RDRadikoPlayerViewController.m */; };
		3073668E1160F1D90030B157 /* RDRadikoLineup.m in Sources */ = {isa = PBXBuildFile; fileRef = 3073668D1160F1D90030B157 /* RDRadikoLineup.m */; };
		307366911160F2FC0030B157 /* RDRadikoProgram.m in Sources */ = {isa = PBXBuildFile; fileRef = 307366901160F2FC0030B157 /* RDRadikoProgram.m */; };
		308951021153B48C008CBBB4 /* RDRadikoProgramGuide.m in Sources */ = {isa = PBXBuildFile; fileRef = 308951011153B48C008CBBB4 /* RDRadikoProgramGuide.m */; };
		308951051153B5B4008CBBB4 /* RDCommon.m in Sources */ = {isa = PBXBuildFile; fileRef = 308951041153B5B4008CBBB4 /* RDCommon.m */; };
		30AE3992115DB81200C76722 /* RDRadikoAudioControl.m in Sources */ = {isa = PBXBuildFile; fileRef = 30AE3991115DB81200C76722 /* RDRadikoAudioControl.m */; };
		30C2DF8511686B380066E0A6 /* RDRadikoStation.m in Sources */ = {isa = PBXBuildFile; fileRef = 30C2DF8411686B380066E0A6 /* RDRadikoStation.m */; };
		30C2DFA41168767A0066E0A6 /* RDRadikoAreaInformation.m in Sources */ = {isa = PBXBuildFile; fileRef = 30C2DFA31168767A0066E0A6 /* RDRadikoAreaInformation.m */; };
		30C2E06F1168AEEA0066E0A6 /* RDRadikoStationTableViewCell.m in Sources */ = {isa = PBXBuildFile; fileRef = 30C2E06E1168AEEA0066E0A6 /* RDRadikoStationTableViewCell.m */; };
		30D3104D115A62B500AF44D7 /* RDRadikoProgramViewController.m in Sources */ = {isa = PBXBuildFile; fileRef = 30D3104C115A62B500AF44D7 /* RDRadikoProgramViewController.m */; };
		30D31050115A62DD00AF44D7 /* RDRadikoSettingViewController.m in Sources */ = {isa = PBXBuildFile; fileRef = 30D3104F115A62DD00AF44D7 /* RDRadikoSettingViewController.m */; };
		30D6951411622BF900C2AA02 /* libxml2.dylib in Frameworks */ = {isa = PBXBuildFile; fileRef = 30D6951311622BF900C2AA02 /* libxml2.dylib */; };
/* End PBXBuildFile section */

/* Begin PBXFileReference section */
		1D30AB110D05D00D00671497 /* Foundation.framework */ = {isa = PBXFileReference; lastKnownFileType = wrapper.framework; name = Foundation.framework; path = System/Library/Frameworks/Foundation.framework; sourceTree = SDKROOT; };
		1D3623240D0F684500981E51 /* RDRadikoPlayerAppDelegate.h */ = {isa = PBXFileReference; fileEncoding = 4; lastKnownFileType = sourcecode.c.h; path = RDRadikoPlayerAppDelegate.h; sourceTree = "<group>"; };
		1D3623250D0F684500981E51 /* RDRadikoPlayerAppDelegate.m */ = {isa = PBXFileReference; fileEncoding = 4; lastKnownFileType = sourcecode.c.objc; path = RDRadikoPlayerAppDelegate.m; sourceTree = "<group>"; };
		1D6058910D05DD3D006BFB54 /* RadikoPlayer.app */ = {isa = PBXFileReference; explicitFileType = wrapper.application; includeInIndex = 0; path = RadikoPlayer.app; sourceTree = BUILT_PRODUCTS_DIR; };
		1DF5F4DF0D08C38300B7A737 /* UIKit.framework */ = {isa = PBXFileReference; lastKnownFileType = wrapper.framework; name = UIKit.framework; path = System/Library/Frameworks/UIKit.framework; sourceTree = SDKROOT; };
		288765A40DF7441C002DB57D /* CoreGraphics.framework */ = {isa = PBXFileReference; lastKnownFileType = wrapper.framework; name = CoreGraphics.framework; path = System/Library/Frameworks/CoreGraphics.framework; sourceTree = SDKROOT; };
		28D7ACF60DDB3853001CB0EB /* RDRadikoPlayerViewController.h */ = {isa = PBXFileReference; fileEncoding = 4; lastKnownFileType = sourcecode.c.h; path = RDRadikoPlayerViewController.h; sourceTree = "<group>"; };
		28D7ACF70DDB3853001CB0EB /* RDRadikoPlayerViewController.m */ = {isa = PBXFileReference; fileEncoding = 4; lastKnownFileType = sourcecode.c.objc; path = RDRadikoPlayerViewController.m; sourceTree = "<group>"; };
		29B97316FDCFA39411CA2CEA /* main.m */ = {isa = PBXFileReference; fileEncoding = 4; lastKnownFileType = sourcecode.c.objc; path = main.m; sourceTree = "<group>"; };
		3073668C1160F1D90030B157 /* RDRadikoLineup.h */ = {isa = PBXFileReference; fileEncoding = 4; lastKnownFileType = sourcecode.c.h; path = RDRadikoLineup.h; sourceTree = "<group>"; };
		3073668D1160F1D90030B157 /* RDRadikoLineup.m */ = {isa = PBXFileReference; fileEncoding = 4; lastKnownFileType = sourcecode.c.objc; path = RDRadikoLineup.m; sourceTree = "<group>"; };
		3073668F1160F2FC0030B157 /* RDRadikoProgram.h */ = {isa = PBXFileReference; fileEncoding = 4; lastKnownFileType = sourcecode.c.h; path = RDRadikoProgram.h; sourceTree = "<group>"; };
		307366901160F2FC0030B157 /* RDRadikoProgram.m */ = {isa = PBXFileReference; fileEncoding = 4; lastKnownFileType = sourcecode.c.objc; path = RDRadikoProgram.m; sourceTree = "<group>"; };
		308951001153B48C008CBBB4 /* RDRadikoProgramGuide.h */ = {isa = PBXFileReference; fileEncoding = 4; lastKnownFileType = sourcecode.c.h; path = RDRadikoProgramGuide.h; sourceTree = "<group>"; };
		308951011153B48C008CBBB4 /* RDRadikoProgramGuide.m */ = {isa = PBXFileReference; fileEncoding = 4; lastKnownFileType = sourcecode.c.objc; path = RDRadikoProgramGuide.m; sourceTree = "<group>"; };
		308951031153B5B4008CBBB4 /* RDCommon.h */ = {isa = PBXFileReference; fileEncoding = 4; lastKnownFileType = sourcecode.c.h; path = RDCommon.h; sourceTree = "<group>"; };
		308951041153B5B4008CBBB4 /* RDCommon.m */ = {isa = PBXFileReference; fileEncoding = 4; lastKnownFileType = sourcecode.c.objc; path = RDCommon.m; sourceTree = "<group>"; };
		30AE3990115DB81200C76722 /* RDRadikoAudioControl.h */ = {isa = PBXFileReference; fileEncoding = 4; lastKnownFileType = sourcecode.c.h; path = RDRadikoAudioControl.h; sourceTree = "<group>"; };
		30AE3991115DB81200C76722 /* RDRadikoAudioControl.m */ = {isa = PBXFileReference; fileEncoding = 4; lastKnownFileType = sourcecode.c.objc; path = RDRadikoAudioControl.m; sourceTree = "<group>"; };
		30C2DF8311686B380066E0A6 /* RDRadikoStation.h */ = {isa = PBXFileReference; fileEncoding = 4; lastKnownFileType = sourcecode.c.h; path = RDRadikoStation.h; sourceTree = "<group>"; };
		30C2DF8411686B380066E0A6 /* RDRadikoStation.m */ = {isa = PBXFileReference; fileEncoding = 4; lastKnownFileType = sourcecode.c.objc; path = RDRadikoStation.m; sourceTree = "<group>"; };
		30C2DFA21168767A0066E0A6 /* RDRadikoAreaInformation.h */ = {isa = PBXFileReference; fileEncoding = 4; lastKnownFileType = sourcecode.c.h; path = RDRadikoAreaInformation.h; sourceTree = "<group>"; };
		30C2DFA31168767A0066E0A6 /* RDRadikoAreaInformation.m */ = {isa = PBXFileReference; fileEncoding = 4; lastKnownFileType = sourcecode.c.objc; path = RDRadikoAreaInformation.m; sourceTree = "<group>"; };
		30C2E06D1168AEEA0066E0A6 /* RDRadikoStationTableViewCell.h */ = {isa = PBXFileReference; fileEncoding = 4; lastKnownFileType = sourcecode.c.h; path = RDRadikoStationTableViewCell.h; sourceTree = "<group>"; };
		30C2E06E1168AEEA0066E0A6 /* RDRadikoStationTableViewCell.m */ = {isa = PBXFileReference; fileEncoding = 4; lastKnownFileType = sourcecode.c.objc; path = RDRadikoStationTableViewCell.m; sourceTree = "<group>"; };
		30D3104B115A62B500AF44D7 /* RDRadikoProgramViewController.h */ = {isa = PBXFileReference; fileEncoding = 4; lastKnownFileType = sourcecode.c.h; path = RDRadikoProgramViewController.h; sourceTree = "<group>"; };
		30D3104C115A62B500AF44D7 /* RDRadikoProgramViewController.m */ = {isa = PBXFileReference; fileEncoding = 4; lastKnownFileType = sourcecode.c.objc; path = RDRadikoProgramViewController.m; sourceTree = "<group>"; };
		30D3104E115A62DD00AF44D7 /* RDRadikoSettingViewController.h */ = {isa = PBXFileReference; fileEncoding = 4; lastKnownFileType = sourcecode.c.h; path = RDRadikoSettingViewController.h; sourceTree = "<group>"; };
		30D3104F115A62DD00AF44D7 /* RDRadikoSettingViewController.m */ = {isa = PBXFileReference; fileEncoding = 4; lastKnownFileType = sourcecode.c.objc; path = RDRadikoSettingViewController.m; sourceTree = "<group>"; };
		30D6951311622BF900C2AA02 /* libxml2.dylib */ = {isa = PBXFileReference; lastKnownFileType = "compiled.mach-o.dylib"; name = libxml2.dylib; path = usr/lib/libxml2.dylib; sourceTree = SDKROOT; };
		32CA4F630368D1EE00C91783 /* RadikoPlayer_Prefix.pch */ = {isa = PBXFileReference; fileEncoding = 4; lastKnownFileType = sourcecode.c.h; path = RadikoPlayer_Prefix.pch; sourceTree = "<group>"; };
		8D1107310486CEB800E47090 /* RadikoPlayer-Info.plist */ = {isa = PBXFileReference; fileEncoding = 4; lastKnownFileType = text.plist.xml; path = "RadikoPlayer-Info.plist"; plistStructureDefinitionIdentifier = "com.apple.xcode.plist.structure-definition.iphone.info-plist"; sourceTree = "<group>"; };
/* End PBXFileReference section */

/* Begin PBXFrameworksBuildPhase section */
		1D60588F0D05DD3D006BFB54 /* Frameworks */ = {
			isa = PBXFrameworksBuildPhase;
			buildActionMask = 2147483647;
			files = (
				1D60589F0D05DD5A006BFB54 /* Foundation.framework in Frameworks */,
				1DF5F4E00D08C38300B7A737 /* UIKit.framework in Frameworks */,
				288765A50DF7441C002DB57D /* CoreGraphics.framework in Frameworks */,
				30D6951411622BF900C2AA02 /* libxml2.dylib in Frameworks */,
			);
			runOnlyForDeploymentPostprocessing = 0;
		};
/* End PBXFrameworksBuildPhase section */

/* Begin PBXGroup section */
		080E96DDFE201D6D7F000001 /* Classes */ = {
			isa = PBXGroup;
			children = (
				308951031153B5B4008CBBB4 /* RDCommon.h */,
				308951041153B5B4008CBBB4 /* RDCommon.m */,
				30B0AEDE1164EC2C00026E16 /* App */,
				30A8E3D4115BB6E1008EB94C /* View */,
				30AE3A33115E380E00C76722 /* Guide */,
				30A8E3DB115BB766008EB94C /* Player */,
			);
			path = Classes;
			sourceTree = "<group>";
		};
		19C28FACFE9D520D11CA2CBB /* Products */ = {
			isa = PBXGroup;
			children = (
				1D6058910D05DD3D006BFB54 /* RadikoPlayer.app */,
			);
			name = Products;
			sourceTree = "<group>";
		};
		29B97314FDCFA39411CA2CEA /* CustomTemplate */ = {
			isa = PBXGroup;
			children = (
				080E96DDFE201D6D7F000001 /* Classes */,
				29B97315FDCFA39411CA2CEA /* Other Sources */,
				29B97317FDCFA39411CA2CEA /* Resources-iPhone */,
				29B97323FDCFA39411CA2CEA /* Frameworks */,
				19C28FACFE9D520D11CA2CBB /* Products */,
			);
			name = CustomTemplate;
			sourceTree = "<group>";
		};
		29B97315FDCFA39411CA2CEA /* Other Sources */ = {
			isa = PBXGroup;
			children = (
				32CA4F630368D1EE00C91783 /* RadikoPlayer_Prefix.pch */,
				29B97316FDCFA39411CA2CEA /* main.m */,
			);
			name = "Other Sources";
			sourceTree = "<group>";
		};
		29B97317FDCFA39411CA2CEA /* Resources-iPhone */ = {
			isa = PBXGroup;
			children = (
				8D1107310486CEB800E47090 /* RadikoPlayer-Info.plist */,
			);
			name = "Resources-iPhone";
			sourceTree = "<group>";
		};
		29B97323FDCFA39411CA2CEA /* Frameworks */ = {
			isa = PBXGroup;
			children = (
				1DF5F4DF0D08C38300B7A737 /* UIKit.framework */,
				1D30AB110D05D00D00671497 /* Foundation.framework */,
				288765A40DF7441C002DB57D /* CoreGraphics.framework */,
				30D6951311622BF900C2AA02 /* libxml2.dylib */,
			);
			name = Frameworks;
			sourceTree = "<group>";
		};
		30A8E3D4115BB6E1008EB94C /* View */ = {
			isa = PBXGroup;
			children = (
				28D7ACF60DDB3853001CB0EB /* RDRadikoPlayerViewController.h */,
				28D7ACF70DDB3853001CB0EB /* RDRadikoPlayerViewController.m */,
				30D3104B115A62B500AF44D7 /* RDRadikoProgramViewController.h */,
				30D3104C115A62B500AF44D7 /* RDRadikoProgramViewController.m */,
				30D3104E115A62DD00AF44D7 /* RDRadikoSettingViewController.h */,
				30D3104F115A62DD00AF44D7 /* RDRadikoSettingViewController.m */,
				30C2E06D1168AEEA0066E0A6 /* RDRadikoStationTableViewCell.h */,
				30C2E06E1168AEEA0066E0A6 /* RDRadikoStationTableViewCell.m */,
			);
			name = View;
			sourceTree = "<group>";
		};
		30A8E3DB115BB766008EB94C /* Player */ = {
			isa = PBXGroup;
			children = (
				30AE3990115DB81200C76722 /* RDRadikoAudioControl.h */,
				30AE3991115DB81200C76722 /* RDRadikoAudioControl.m */,
			);
			name = Player;
			sourceTree = "<group>";
		};
		30AE3A33115E380E00C76722 /* Guide */ = {
			isa = PBXGroup;
			children = (
				30C2DFA21168767A0066E0A6 /* RDRadikoAreaInformation.h */,
				30C2DFA31168767A0066E0A6 /* RDRadikoAreaInformation.m */,
				30C2DF8311686B380066E0A6 /* RDRadikoStation.h */,
				30C2DF8411686B380066E0A6 /* RDRadikoStation.m */,
				308951001153B48C008CBBB4 /* RDRadikoProgramGuide.h */,
				308951011153B48C008CBBB4 /* RDRadikoProgramGuide.m */,
				3073668C1160F1D90030B157 /* RDRadikoLineup.h */,
				3073668D1160F1D90030B157 /* RDRadikoLineup.m */,
				3073668F1160F2FC0030B157 /* RDRadikoProgram.h */,
				307366901160F2FC0030B157 /* RDRadikoProgram.m */,
			);
			name = Guide;
			sourceTree = "<group>";
		};
		30B0AEDE1164EC2C00026E16 /* App */ = {
			isa = PBXGroup;
			children = (
				1D3623240D0F684500981E51 /* RDRadikoPlayerAppDelegate.h */,
				1D3623250D0F684500981E51 /* RDRadikoPlayerAppDelegate.m */,
			);
			name = App;
			sourceTree = "<group>";
		};
/* End PBXGroup section */

/* Begin PBXNativeTarget section */
		1D6058900D05DD3D006BFB54 /* RadikoPlayer */ = {
			isa = PBXNativeTarget;
			buildConfigurationList = 1D6058960D05DD3E006BFB54 /* Build configuration list for PBXNativeTarget "RadikoPlayer" */;
			buildPhases = (
				1D60588D0D05DD3D006BFB54 /* Resources */,
				1D60588E0D05DD3D006BFB54 /* Sources */,
				1D60588F0D05DD3D006BFB54 /* Frameworks */,
			);
			buildRules = (
			);
			dependencies = (
			);
			name = RadikoPlayer;
			productName = RadikoPlayer;
			productReference = 1D6058910D05DD3D006BFB54 /* RadikoPlayer.app */;
			productType = "com.apple.product-type.application";
		};
/* End PBXNativeTarget section */

/* Begin PBXProject section */
		29B97313FDCFA39411CA2CEA /* Project object */ = {
			isa = PBXProject;
			buildConfigurationList = C01FCF4E08A954540054247B /* Build configuration list for PBXProject "RadikoPlayer" */;
			compatibilityVersion = "Xcode 3.1";
			hasScannedForEncodings = 1;
			mainGroup = 29B97314FDCFA39411CA2CEA /* CustomTemplate */;
			projectDirPath = "";
			projectRoot = "";
			targets = (
				1D6058900D05DD3D006BFB54 /* RadikoPlayer */,
			);
		};
/* End PBXProject section */

/* Begin PBXResourcesBuildPhase section */
		1D60588D0D05DD3D006BFB54 /* Resources */ = {
			isa = PBXResourcesBuildPhase;
			buildActionMask = 2147483647;
			files = (
			);
			runOnlyForDeploymentPostprocessing = 0;
		};
/* End PBXResourcesBuildPhase section */

/* Begin PBXSourcesBuildPhase section */
		1D60588E0D05DD3D006BFB54 /* Sources */ = {
			isa = PBXSourcesBuildPhase;
			buildActionMask = 2147483647;
			files = (
				1D60589B0D05DD56006BFB54 /* main.m in Sources */,
				1D3623260D0F684500981E51 /* RDRadikoPlayerAppDelegate.m in Sources */,
				28D7ACF80DDB3853001CB0EB /* RDRadikoPlayerViewController.m in Sources */,
				308951021153B48C008CBBB4 /* RDRadikoProgramGuide.m in Sources */,
				308951051153B5B4008CBBB4 /* RDCommon.m in Sources */,
				30D3104D115A62B500AF44D7 /* RDRadikoProgramViewController.m in Sources */,
				30D31050115A62DD00AF44D7 /* RDRadikoSettingViewController.m in Sources */,
				30AE3992115DB81200C76722 /* RDRadikoAudioControl.m in Sources */,
				3073668E1160F1D90030B157 /* RDRadikoLineup.m in Sources */,
				307366911160F2FC0030B157 /* RDRadikoProgram.m in Sources */,
				30C2DF8511686B380066E0A6 /* RDRadikoStation.m in Sources */,
				30C2DFA41168767A0066E0A6 /* RDRadikoAreaInformation.m in Sources */,
				30C2E06F1168AEEA0066E0A6 /* RDRadikoStationTableViewCell.m in Sources */,
			);
			runOnlyForDeploymentPostprocessing = 0;
		};
/* End PBXSourcesBuildPhase section */

/* Begin XCBuildConfiguration section */
		1D6058940D05DD3E006BFB54 /* Debug */ = {
			isa = XCBuildConfiguration;
			buildSettings = {
				ALWAYS_SEARCH_USER_PATHS = NO;
				COPY_PHASE_STRIP = NO;
				GCC_DYNAMIC_NO_PIC = NO;
				GCC_OPTIMIZATION_LEVEL = 0;
				GCC_PRECOMPILE_PREFIX_HEADER = YES;
				GCC_PREFIX_HEADER = RadikoPlayer_Prefix.pch;
				INFOPLIST_FILE = "RadikoPlayer-Info.plist";
				PRODUCT_NAME = RadikoPlayer;
			};
			name = Debug;
		};
		1D6058950D05DD3E006BFB54 /* Release */ = {
			isa = XCBuildConfiguration;
			buildSettings = {
				ALWAYS_SEARCH_USER_PATHS = NO;
				COPY_PHASE_STRIP = YES;
				GCC_PRECOMPILE_PREFIX_HEADER = YES;
				GCC_PREFIX_HEADER = RadikoPlayer_Prefix.pch;
				INFOPLIST_FILE = "RadikoPlayer-Info.plist";
				PRODUCT_NAME = RadikoPlayer;
				VALIDATE_PRODUCT = YES;
			};
			name = Release;
		};
		C01FCF4F08A954540054247B /* Debug */ = {
			isa = XCBuildConfiguration;
			buildSettings = {
				ARCHS = "$(ARCHS_STANDARD_32_BIT)";
				"CODE_SIGN_IDENTITY[sdk=iphoneos*]" = "iPhone Developer";
				GCC_C_LANGUAGE_STANDARD = c99;
				GCC_WARN_ABOUT_RETURN_TYPE = YES;
				GCC_WARN_UNUSED_VARIABLE = YES;
				HEADER_SEARCH_PATHS = $SDKROOT/usr/include/libxml2;
				IPHONEOS_DEPLOYMENT_TARGET = 3.0;
				PREBINDING = NO;
				SDKROOT = iphoneos3.1.2;
			};
			name = Debug;
		};
		C01FCF5008A954540054247B /* Release */ = {
			isa = XCBuildConfiguration;
			buildSettings = {
				ARCHS = "$(ARCHS_STANDARD_32_BIT)";
				"CODE_SIGN_IDENTITY[sdk=iphoneos*]" = "iPhone Developer";
				GCC_C_LANGUAGE_STANDARD = c99;
				GCC_WARN_ABOUT_RETURN_TYPE = YES;
				GCC_WARN_UNUSED_VARIABLE = YES;
				HEADER_SEARCH_PATHS = $SDKROOT/usr/include/libxml2;
				PREBINDING = NO;
				SDKROOT = iphoneos3.2;
			};
			name = Release;
		};
/* End XCBuildConfiguration section */

/* Begin XCConfigurationList section */
		1D6058960D05DD3E006BFB54 /* Build configuration list for PBXNativeTarget "RadikoPlayer" */ = {
			isa = XCConfigurationList;
			buildConfigurations = (
				1D6058940D05DD3E006BFB54 /* Debug */,
				1D6058950D05DD3E006BFB54 /* Release */,
			);
			defaultConfigurationIsVisible = 0;
			defaultConfigurationName = Release;
		};
		C01FCF4E08A954540054247B /* Build configuration list for PBXProject "RadikoPlayer" */ = {
			isa = XCConfigurationList;
			buildConfigurations = (
				C01FCF4F08A954540054247B /* Debug */,
				C01FCF5008A954540054247B /* Release */,
			);
			defaultConfigurationIsVisible = 0;
			defaultConfigurationName = Release;
		};
/* End XCConfigurationList section */
	};
	rootObject = 29B97313FDCFA39411CA2CEA /* Project object */;
}
